
Microsoft Visual Studio Solution File, Format Version 12.00
# Visual Studio Version 17
VisualStudioVersion = 17.4.33927.135
MinimumVisualStudioVersion = 10.0.40219.1
Project("{2150E333-8FDC-42A3-9474-1A3956D46DE8}") = "net6", "net6", "{C827468A-6ADB-42E5-8061-0338B52F65A0}"
EndProject
Project("{2150E333-8FDC-42A3-9474-1A3956D46DE8}") = "net7", "net7", "{79B757B2-70EB-45CA-8F69-586A1FE0243E}"
EndProject
Project("{9A19103F-16F7-4668-BE54-9A1E7A4F7556}") = "Panuon.WPF.Builder", "net6\Panuon.WPF.Builder\Panuon.WPF.Builder.csproj", "{986011EC-5C08-458C-9282-1CC29EEDE91E}"
EndProject
Project("{9A19103F-16F7-4668-BE54-9A1E7A4F7556}") = "Panuon.WPF.Builder", "net7\Panuon.WPF.Builder\Panuon.WPF.Builder.csproj", "{9C8419F7-097B-497E-9D5E-C4B496949583}"
EndProject
Project("{2150E333-8FDC-42A3-9474-1A3956D46DE8}") = "net452", "net452", "{D692C5F4-8B23-4E58-B2BB-2A73453090A2}"
EndProject
Project("{FAE04EC0-301F-11D3-BF4B-00C04F79EFBC}") = "Panuon.WPF.Builder", "net452\Panuon.WPF.Builder\Panuon.WPF.Builder.csproj", "{7BD400B6-56DE-422A-9894-971754FED73E}"
EndProject
Project("{2150E333-8FDC-42A3-9474-1A3956D46DE8}") = "net462", "net462", "{A4F0E8BC-0C37-4C7C-9C15-D34FD486196B}"
EndProject
Project("{FAE04EC0-301F-11D3-BF4B-00C04F79EFBC}") = "Panuon.WPF.Builder", "net462\Panuon.WPF.Builder\Panuon.WPF.Builder.csproj", "{6643EA3A-5605-4F38-8D64-3E23A85FF3AD}"
EndProject
Project("{2150E333-8FDC-42A3-9474-1A3956D46DE8}") = "net472", "net472", "{C9A25441-855A-4D02-AD2A-F3EA87E848D8}"
EndProject
Project("{FAE04EC0-301F-11D3-BF4B-00C04F79EFBC}") = "Panuon.WPF.Builder", "net472\Panuon.WPF.Builder\Panuon.WPF.Builder.csproj", "{7E3803E2-8677-4433-B987-0D79929ED614}"
EndProject
Project("{2150E333-8FDC-42A3-9474-1A3956D46DE8}") = "net48", "net48", "{9F41E623-32F9-48E2-AFC6-453002F07131}"
EndProject
Project("{FAE04EC0-301F-11D3-BF4B-00C04F79EFBC}") = "Panuon.WPF.Builder", "net48\Panuon.WPF.Builder\Panuon.WPF.Builder.csproj", "{EF2717F0-0042-4DDE-ACD3-3F69689F5FF7}"
EndProject
Project("{2150E333-8FDC-42A3-9474-1A3956D46DE8}") = "shared", "shared", "{B6C2ED2D-D8FB-494C-A9F0-1A46A8AB49EB}"
EndProject
Project("{D954291E-2A0B-460D-934E-DC6B0785DB48}") = "Panuon.WPF.Builder", "shared\Panuon.WPF.Builder\Panuon.WPF.Builder.shproj", "{EC386397-3A5A-4743-B5B4-89C348B16BC6}"
EndProject
Global
	GlobalSection(SolutionConfigurationPlatforms) = preSolution
		Debug|Any CPU = Debug|Any CPU
		Release|Any CPU = Release|Any CPU
	EndGlobalSection
	GlobalSection(ProjectConfigurationPlatforms) = postSolution
		{986011EC-5C08-458C-9282-1CC29EEDE91E}.Debug|Any CPU.ActiveCfg = Debug|Any CPU
		{986011EC-5C08-458C-9282-1CC29EEDE91E}.Debug|Any CPU.Build.0 = Debug|Any CPU
		{986011EC-5C08-458C-9282-1CC29EEDE91E}.Release|Any CPU.ActiveCfg = Release|Any CPU
		{986011EC-5C08-458C-9282-1CC29EEDE91E}.Release|Any CPU.Build.0 = Release|Any CPU
		{9C8419F7-097B-497E-9D5E-C4B496949583}.Debug|Any CPU.ActiveCfg = Debug|Any CPU
		{9C8419F7-097B-497E-9D5E-C4B496949583}.Debug|Any CPU.Build.0 = Debug|Any CPU
		{9C8419F7-097B-497E-9D5E-C4B496949583}.Release|Any CPU.ActiveCfg = Release|Any CPU
		{9C8419F7-097B-497E-9D5E-C4B496949583}.Release|Any CPU.Build.0 = Release|Any CPU
		{7BD400B6-56DE-422A-9894-971754FED73E}.Debug|Any CPU.ActiveCfg = Debug|Any CPU
		{7BD400B6-56DE-422A-9894-971754FED73E}.Debug|Any CPU.Build.0 = Debug|Any CPU
		{7BD400B6-56DE-422A-9894-971754FED73E}.Release|Any CPU.ActiveCfg = Release|Any CPU
		{7BD400B6-56DE-422A-9894-971754FED73E}.Release|Any CPU.Build.0 = Release|Any CPU
		{6643EA3A-5605-4F38-8D64-3E23A85FF3AD}.Debug|Any CPU.ActiveCfg = Debug|Any CPU
		{6643EA3A-5605-4F38-8D64-3E23A85FF3AD}.Debug|Any CPU.Build.0 = Debug|Any CPU
		{6643EA3A-5605-4F38-8D64-3E23A85FF3AD}.Release|Any CPU.ActiveCfg = Release|Any CPU
		{6643EA3A-5605-4F38-8D64-3E23A85FF3AD}.Release|Any CPU.Build.0 = Release|Any CPU
		{7E3803E2-8677-4433-B987-0D79929ED614}.Debug|Any CPU.ActiveCfg = Debug|Any CPU
		{7E3803E2-8677-4433-B987-0D79929ED614}.Debug|Any CPU.Build.0 = Debug|Any CPU
		{7E3803E2-8677-4433-B987-0D79929ED614}.Release|Any CPU.ActiveCfg = Release|Any CPU
		{7E3803E2-8677-4433-B987-0D79929ED614}.Release|Any CPU.Build.0 = Release|Any CPU
		{EF2717F0-0042-4DDE-ACD3-3F69689F5FF7}.Debug|Any CPU.ActiveCfg = Debug|Any CPU
		{EF2717F0-0042-4DDE-ACD3-3F69689F5FF7}.Debug|Any CPU.Build.0 = Debug|Any CPU
		{EF2717F0-0042-4DDE-ACD3-3F69689F5FF7}.Release|Any CPU.ActiveCfg = Release|Any CPU
		{EF2717F0-0042-4DDE-ACD3-3F69689F5FF7}.Release|Any CPU.Build.0 = Release|Any CPU
	EndGlobalSection
	GlobalSection(SolutionProperties) = preSolution
		HideSolutionNode = FALSE
	EndGlobalSection
	GlobalSection(NestedProjects) = preSolution
		{986011EC-5C08-458C-9282-1CC29EEDE91E} = {C827468A-6ADB-42E5-8061-0338B52F65A0}
		{9C8419F7-097B-497E-9D5E-C4B496949583} = {79B757B2-70EB-45CA-8F69-586A1FE0243E}
		{7BD400B6-56DE-422A-9894-971754FED73E} = {D692C5F4-8B23-4E58-B2BB-2A73453090A2}
		{6643EA3A-5605-4F38-8D64-3E23A85FF3AD} = {A4F0E8BC-0C37-4C7C-9C15-D34FD486196B}
		{7E3803E2-8677-4433-B987-0D79929ED614} = {C9A25441-855A-4D02-AD2A-F3EA87E848D8}
		{EF2717F0-0042-4DDE-ACD3-3F69689F5FF7} = {9F41E623-32F9-48E2-AFC6-453002F07131}
		{EC386397-3A5A-4743-B5B4-89C348B16BC6} = {B6C2ED2D-D8FB-494C-A9F0-1A46A8AB49EB}
	EndGlobalSection
	GlobalSection(ExtensibilityGlobals) = postSolution
		SolutionGuid = {E58F837C-645A-456A-936A-9E9E83AE6B25}
	EndGlobalSection
	GlobalSection(SharedMSBuildProjectFiles) = preSolution
		shared\Panuon.WPF.Builder\Panuon.WPF.Builder.projitems*{7e3803e2-8677-4433-b987-0d79929ed614}*SharedItemsImports = 4
		shared\Panuon.WPF.Builder\Panuon.WPF.Builder.projitems*{986011ec-5c08-458c-9282-1cc29eede91e}*SharedItemsImports = 5
		shared\Panuon.WPF.Builder\Panuon.WPF.Builder.projitems*{ec386397-3a5a-4743-b5b4-89c348b16bc6}*SharedItemsImports = 13
	EndGlobalSection
EndGlobal
